{
  "name": "TestProject",
  "lockfileVersion": 3,
  "requires": true,
  "packages": {
    "": {
      "devDependencies": {
        "@types/cypress": "^0.1.6",
        "typescript": "^5.8.2"
      }
    },
    "node_modules/@types/cypress": {
      "version": "0.1.6",
      "resolved": "https://registry.npmjs.org/@types/cypress/-/cypress-0.1.6.tgz",
      "integrity": "sha512-FYKQLvCsRYxZ3fp+XsoCiJZ1aK3x17RmaZjHI4Ou43khFkXPycrQaXo9b1J07PNlEfWnRtUc9loxHXzKjSsbYg==",
      "dev": true,
      "license": "MIT"
    },
    "node_modules/typescript": {
      "version": "5.8.2",
      "resolved": "https://registry.npmjs.org/typescript/-/typescript-5.8.2.tgz",
      "integrity": "sha512-aJn6wq13/afZp/jT9QZmwEjDqqvSGp1VT5GVg+f/t6/oVyrgXM6BY1h9BRh/O5p3PlUPAe+WuiEZOmb/49RqoQ==",
      "dev": true,
      "license": "Apache-2.0",
      "bin": {
        "tsc": "bin/tsc",
        "tsserver": "bin/tsserver"
      },
      "engines": {
        "node": ">=14.17"
      }
    }
  }
}
